
Microsoft Visual Studio Solution File, Format Version 12.00
# Visual Studio Version 16
VisualStudioVersion = 16.0.32510.428
MinimumVisualStudioVersion = 10.0.40219.1
Project("{FAE04EC0-301F-11D3-BF4B-00C04F79EFBC}") = "TRAVIL WebSite", "TRAVIL WebSite\TRAVIL WebSite.csproj", "{F6E2E585-6901-4CE5-BDCA-E1D53E063634}"
EndProject
Global
	GlobalSection(SolutionConfigurationPlatforms) = preSolution
		Debug|Any CPU = Debug|Any CPU
		Release|Any CPU = Release|Any CPU
	EndGlobalSection
	GlobalSection(ProjectConfigurationPlatforms) = postSolution
		{F6E2E585-6901-4CE5-BDCA-E1D53E063634}.Debug|Any CPU.ActiveCfg = Debug|Any CPU
		{F6E2E585-6901-4CE5-BDCA-E1D53E063634}.Debug|Any CPU.Build.0 = Debug|Any CPU
		{F6E2E585-6901-4CE5-BDCA-E1D53E063634}.Release|Any CPU.ActiveCfg = Release|Any CPU
		{F6E2E585-6901-4CE5-BDCA-E1D53E063634}.Release|Any CPU.Build.0 = Release|Any CPU
	EndGlobalSection
	GlobalSection(SolutionProperties) = preSolution
		HideSolutionNode = FALSE
	EndGlobalSection
	GlobalSection(ExtensibilityGlobals) = postSolution
		SolutionGuid = {EFC9C59C-16CA-4FD3-BDCF-E29CFA74CDB2}
	EndGlobalSection
EndGlobal
